// !$*UTF8*$!
{
	archiveVersion = 1;
	classes = {
	};
	objectVersion = 46;
	objects = {

/* Begin PBXBuildFile section */
		F72D00141A62E6100024F53A /* kanjiXML-2.xml in Resources */ = {isa = PBXBuildFile; fileRef = F72D00131A62E6100024F53A /* kanjiXML-2.xml */; };
		F7A2E8D01A52BE0600E214F4 /* AppDelegate.swift in Sources */ = {isa = PBXBuildFile; fileRef = F7A2E8CF1A52BE0600E214F4 /* AppDelegate.swift */; };
		F7A2E8D31A52BE0600E214F4 /* kanjiJisho2.xcdatamodeld in Sources */ = {isa = PBXBuildFile; fileRef = F7A2E8D11A52BE0600E214F4 /* kanjiJisho2.xcdatamodeld */; };
		F7A2E8D51A52BE0600E214F4 /* ViewController.swift in Sources */ = {isa = PBXBuildFile; fileRef = F7A2E8D41A52BE0600E214F4 /* ViewController.swift */; };
		F7A2E8D81A52BE0600E214F4 /* Main.storyboard in Resources */ = {isa = PBXBuildFile; fileRef = F7A2E8D61A52BE0600E214F4 /* Main.storyboard */; };
		F7A2E8DA1A52BE0600E214F4 /* Images.xcassets in Resources */ = {isa = PBXBuildFile; fileRef = F7A2E8D91A52BE0600E214F4 /* Images.xcassets */; };
		F7A2E8DD1A52BE0600E214F4 /* LaunchScreen.xib in Resources */ = {isa = PBXBuildFile; fileRef = F7A2E8DB1A52BE0600E214F4 /* LaunchScreen.xib */; };
		F7A2E8E91A52BE0600E214F4 /* kanjiJisho2Tests.swift in Sources */ = {isa = PBXBuildFile; fileRef = F7A2E8E81A52BE0600E214F4 /* kanjiJisho2Tests.swift */; };
		F7A2E8FD1A52BE4E00E214F4 /* 100_6173.JPG in Resources */ = {isa = PBXBuildFile; fileRef = F7A2E8FC1A52BE4E00E214F4 /* 100_6173.JPG */; };
		F7A2E8FF1A52C08400E214F4 /* kanjiXMLParser.swift in Sources */ = {isa = PBXBuildFile; fileRef = F7A2E8FE1A52C08400E214F4 /* kanjiXMLParser.swift */; };
		F7A2E9011A52C6E200E214F4 /* xmlParser.swift in Sources */ = {isa = PBXBuildFile; fileRef = F7A2E9001A52C6E200E214F4 /* xmlParser.swift */; };
		F7A2E9051A52C78600E214F4 /* TVC.swift in Sources */ = {isa = PBXBuildFile; fileRef = F7A2E9041A52C78600E214F4 /* TVC.swift */; };
		F7A2E9091A52C82D00E214F4 /* SearchViewController.swift in Sources */ = {isa = PBXBuildFile; fileRef = F7A2E9081A52C82D00E214F4 /* SearchViewController.swift */; };
		F7AB804D1A52FDD20088D921 /* DVC.swift in Sources */ = {isa = PBXBuildFile; fileRef = F7AB804C1A52FDD20088D921 /* DVC.swift */; };
		F7AB80811A530CAB0088D921 /* hiraganaeu.xml in Resources */ = {isa = PBXBuildFile; fileRef = F7AB80801A530CAB0088D921 /* hiraganaeu.xml */; };
		F7AD036D1A613F0A006D683A /* CustomVC.swift in Sources */ = {isa = PBXBuildFile; fileRef = F7AD036C1A613F0A006D683A /* CustomVC.swift */; };
		F7C5738D1A5C31FF007ADCB5 /* 100_6187.JPG in Resources */ = {isa = PBXBuildFile; fileRef = F7C573871A5C31FF007ADCB5 /* 100_6187.JPG */; };
		F7C5738E1A5C31FF007ADCB5 /* 100_6191.JPG in Resources */ = {isa = PBXBuildFile; fileRef = F7C573881A5C31FF007ADCB5 /* 100_6191.JPG */; };
		F7C5738F1A5C31FF007ADCB5 /* 100_6203.JPG in Resources */ = {isa = PBXBuildFile; fileRef = F7C573891A5C31FF007ADCB5 /* 100_6203.JPG */; };
/* End PBXBuildFile section */

/* Begin PBXContainerItemProxy section */
		F7A2E8E31A52BE0600E214F4 /* PBXContainerItemProxy */ = {
			isa = PBXContainerItemProxy;
			containerPortal = F7A2E8C21A52BE0600E214F4 /* Project object */;
			proxyType = 1;
			remoteGlobalIDString = F7A2E8C91A52BE0600E214F4;
			remoteInfo = kanjiJisho2;
		};
/* End PBXContainerItemProxy section */

/* Begin PBXFileReference section */
		F72D00131A62E6100024F53A /* kanjiXML-2.xml */ = {isa = PBXFileReference; fileEncoding = 4; lastKnownFileType = text.xml; path = "kanjiXML-2.xml"; sourceTree = "<group>"; };
		F7A2E8CA1A52BE0600E214F4 /* kanjiJisho2.app */ = {isa = PBXFileReference; explicitFileType = wrapper.application; includeInIndex = 0; path = kanjiJisho2.app; sourceTree = BUILT_PRODUCTS_DIR; };
		F7A2E8CE1A52BE0600E214F4 /* Info.plist */ = {isa = PBXFileReference; lastKnownFileType = text.plist.xml; path = Info.plist; sourceTree = "<group>"; };
		F7A2E8CF1A52BE0600E214F4 /* AppDelegate.swift */ = {isa = PBXFileReference; lastKnownFileType = sourcecode.swift; path = AppDelegate.swift; sourceTree = "<group>"; };
		F7A2E8D21A52BE0600E214F4 /* kanjiJisho2.xcdatamodel */ = {isa = PBXFileReference; lastKnownFileType = wrapper.xcdatamodel; path = kanjiJisho2.xcdatamodel; sourceTree = "<group>"; };
		F7A2E8D41A52BE0600E214F4 /* ViewController.swift */ = {isa = PBXFileReference; lastKnownFileType = sourcecode.swift; path = ViewController.swift; sourceTree = "<group>"; };
		F7A2E8D71A52BE0600E214F4 /* Base */ = {isa = PBXFileReference; lastKnownFileType = file.storyboard; name = Base; path = Base.lproj/Main.storyboard; sourceTree = "<group>"; };
		F7A2E8D91A52BE0600E214F4 /* Images.xcassets */ = {isa = PBXFileReference; lastKnownFileType = folder.assetcatalog; path = Images.xcassets; sourceTree = "<group>"; };
		F7A2E8DC1A52BE0600E214F4 /* Base */ = {isa = PBXFileReference; lastKnownFileType = file.xib; name = Base; path = Base.lproj/LaunchScreen.xib; sourceTree = "<group>"; };
		F7A2E8E21A52BE0600E214F4 /* kanjiJisho2Tests.xctest */ = {isa = PBXFileReference; explicitFileType = wrapper.cfbundle; includeInIndex = 0; path = kanjiJisho2Tests.xctest; sourceTree = BUILT_PRODUCTS_DIR; };
		F7A2E8E71A52BE0600E214F4 /* Info.plist */ = {isa = PBXFileReference; lastKnownFileType = text.plist.xml; path = Info.plist; sourceTree = "<group>"; };
		F7A2E8E81A52BE0600E214F4 /* kanjiJisho2Tests.swift */ = {isa = PBXFileReference; lastKnownFileType = sourcecode.swift; path = kanjiJisho2Tests.swift; sourceTree = "<group>"; };
		F7A2E8FC1A52BE4E00E214F4 /* 100_6173.JPG */ = {isa = PBXFileReference; lastKnownFileType = image.jpeg; path = 100_6173.JPG; sourceTree = "<group>"; };
		F7A2E8FE1A52C08400E214F4 /* kanjiXMLParser.swift */ = {isa = PBXFileReference; fileEncoding = 4; lastKnownFileType = sourcecode.swift; path = kanjiXMLParser.swift; sourceTree = "<group>"; };
		F7A2E9001A52C6E200E214F4 /* xmlParser.swift */ = {isa = PBXFileReference; fileEncoding = 4; lastKnownFileType = sourcecode.swift; path = xmlParser.swift; sourceTree = "<group>"; };
		F7A2E9041A52C78600E214F4 /* TVC.swift */ = {isa = PBXFileReference; fileEncoding = 4; lastKnownFileType = sourcecode.swift; path = TVC.swift; sourceTree = "<group>"; };
		F7A2E9081A52C82D00E214F4 /* SearchViewController.swift */ = {isa = PBXFileReference; fileEncoding = 4; lastKnownFileType = sourcecode.swift; path = SearchViewController.swift; sourceTree = "<group>"; };
		F7AB804C1A52FDD20088D921 /* DVC.swift */ = {isa = PBXFileReference; fileEncoding = 4; lastKnownFileType = sourcecode.swift; path = DVC.swift; sourceTree = "<group>"; };
		F7AB80801A530CAB0088D921 /* hiraganaeu.xml */ = {isa = PBXFileReference; fileEncoding = 4; lastKnownFileType = text.xml; path = hiraganaeu.xml; sourceTree = "<group>"; };
		F7AD036C1A613F0A006D683A /* CustomVC.swift */ = {isa = PBXFileReference; fileEncoding = 4; lastKnownFileType = sourcecode.swift; path = CustomVC.swift; sourceTree = "<group>"; };
		F7C573871A5C31FF007ADCB5 /* 100_6187.JPG */ = {isa = PBXFileReference; lastKnownFileType = image.jpeg; path = 100_6187.JPG; sourceTree = "<group>"; };
		F7C573881A5C31FF007ADCB5 /* 100_6191.JPG */ = {isa = PBXFileReference; lastKnownFileType = image.jpeg; path = 100_6191.JPG; sourceTree = "<group>"; };
		F7C573891A5C31FF007ADCB5 /* 100_6203.JPG */ = {isa = PBXFileReference; lastKnownFileType = image.jpeg; path = 100_6203.JPG; sourceTree = "<group>"; };
/* End PBXFileReference section */

/* Begin PBXFrameworksBuildPhase section */
		F7A2E8C71A52BE0600E214F4 /* Frameworks */ = {
			isa = PBXFrameworksBuildPhase;
			buildActionMask = 2147483647;
			files = (
			);
			runOnlyForDeploymentPostprocessing = 0;
		};
		F7A2E8DF1A52BE0600E214F4 /* Frameworks */ = {
			isa = PBXFrameworksBuildPhase;
			buildActionMask = 2147483647;
			files = (
			);
			runOnlyForDeploymentPostprocessing = 0;
		};
/* End PBXFrameworksBuildPhase section */

/* Begin PBXGroup section */
		F7A2E8C11A52BE0600E214F4 = {
			isa = PBXGroup;
			children = (
				F7A2E8CC1A52BE0600E214F4 /* kanjiJisho2 */,
				F7A2E8E51A52BE0600E214F4 /* kanjiJisho2Tests */,
				F7A2E8CB1A52BE0600E214F4 /* Products */,
			);
			sourceTree = "<group>";
		};
		F7A2E8CB1A52BE0600E214F4 /* Products */ = {
			isa = PBXGroup;
			children = (
				F7A2E8CA1A52BE0600E214F4 /* kanjiJisho2.app */,
				F7A2E8E21A52BE0600E214F4 /* kanjiJisho2Tests.xctest */,
			);
			name = Products;
			sourceTree = "<group>";
		};
		F7A2E8CC1A52BE0600E214F4 /* kanjiJisho2 */ = {
			isa = PBXGroup;
			children = (
				F7A2E8CF1A52BE0600E214F4 /* AppDelegate.swift */,
				F7A2E8D41A52BE0600E214F4 /* ViewController.swift */,
				F7A2E8D61A52BE0600E214F4 /* Main.storyboard */,
				F7AD036C1A613F0A006D683A /* CustomVC.swift */,
				F7AB804C1A52FDD20088D921 /* DVC.swift */,
				F7A2E9081A52C82D00E214F4 /* SearchViewController.swift */,
				F7A2E9041A52C78600E214F4 /* TVC.swift */,
				F7A2E9001A52C6E200E214F4 /* xmlParser.swift */,
				F7A2E8FE1A52C08400E214F4 /* kanjiXMLParser.swift */,
				F7A2E8D91A52BE0600E214F4 /* Images.xcassets */,
				F7A2E8DB1A52BE0600E214F4 /* LaunchScreen.xib */,
				F7A2E8D11A52BE0600E214F4 /* kanjiJisho2.xcdatamodeld */,
				F7A2E8CD1A52BE0600E214F4 /* Supporting Files */,
			);
			path = kanjiJisho2;
			sourceTree = "<group>";
		};
		F7A2E8CD1A52BE0600E214F4 /* Supporting Files */ = {
			isa = PBXGroup;
			children = (
				F72D00131A62E6100024F53A /* kanjiXML-2.xml */,
				F7C573851A5C31FF007ADCB5 /* pozefundaldapm */,
				F7AB80801A530CAB0088D921 /* hiraganaeu.xml */,
				F7A2E8FC1A52BE4E00E214F4 /* 100_6173.JPG */,
				F7A2E8CE1A52BE0600E214F4 /* Info.plist */,
			);
			name = "Supporting Files";
			sourceTree = "<group>";
		};
		F7A2E8E51A52BE0600E214F4 /* kanjiJisho2Tests */ = {
			isa = PBXGroup;
			children = (
				F7A2E8E81A52BE0600E214F4 /* kanjiJisho2Tests.swift */,
				F7A2E8E61A52BE0600E214F4 /* Supporting Files */,
			);
			path = kanjiJisho2Tests;
			sourceTree = "<group>";
		};
		F7A2E8E61A52BE0600E214F4 /* Supporting Files */ = {
			isa = PBXGroup;
			children = (
				F7A2E8E71A52BE0600E214F4 /* Info.plist */,
			);
			name = "Supporting Files";
			sourceTree = "<group>";
		};
		F7C573851A5C31FF007ADCB5 /* pozefundaldapm */ = {
			isa = PBXGroup;
			children = (
				F7C573871A5C31FF007ADCB5 /* 100_6187.JPG */,
				F7C573881A5C31FF007ADCB5 /* 100_6191.JPG */,
				F7C573891A5C31FF007ADCB5 /* 100_6203.JPG */,
			);
			path = pozefundaldapm;
			sourceTree = "<group>";
		};
/* End PBXGroup section */

/* Begin PBXNativeTarget section */
		F7A2E8C91A52BE0600E214F4 /* kanjiJisho2 */ = {
			isa = PBXNativeTarget;
			buildConfigurationList = F7A2E8EC1A52BE0600E214F4 /* Build configuration list for PBXNativeTarget "kanjiJisho2" */;
			buildPhases = (
				F7A2E8C61A52BE0600E214F4 /* Sources */,
				F7A2E8C71A52BE0600E214F4 /* Frameworks */,
				F7A2E8C81A52BE0600E214F4 /* Resources */,
			);
			buildRules = (
			);
			dependencies = (
			);
			name = kanjiJisho2;
			productName = kanjiJisho2;
			productReference = F7A2E8CA1A52BE0600E214F4 /* kanjiJisho2.app */;
			productType = "com.apple.product-type.application";
		};
		F7A2E8E11A52BE0600E214F4 /* kanjiJisho2Tests */ = {
			isa = PBXNativeTarget;
			buildConfigurationList = F7A2E8EF1A52BE0600E214F4 /* Build configuration list for PBXNativeTarget "kanjiJisho2Tests" */;
			buildPhases = (
				F7A2E8DE1A52BE0600E214F4 /* Sources */,
				F7A2E8DF1A52BE0600E214F4 /* Frameworks */,
				F7A2E8E01A52BE0600E214F4 /* Resources */,
			);
			buildRules = (
			);
			dependencies = (
				F7A2E8E41A52BE0600E214F4 /* PBXTargetDependency */,
			);
			name = kanjiJisho2Tests;
			productName = kanjiJisho2Tests;
			productReference = F7A2E8E21A52BE0600E214F4 /* kanjiJisho2Tests.xctest */;
			productType = "com.apple.product-type.bundle.unit-test";
		};
/* End PBXNativeTarget section */

/* Begin PBXProject section */
		F7A2E8C21A52BE0600E214F4 /* Project object */ = {
			isa = PBXProject;
			attributes = {
				LastUpgradeCheck = 0600;
				ORGANIZATIONNAME = tt;
				TargetAttributes = {
					F7A2E8C91A52BE0600E214F4 = {
						CreatedOnToolsVersion = 6.0.1;
						DevelopmentTeam = MMS5R52AYS;
					};
					F7A2E8E11A52BE0600E214F4 = {
						CreatedOnToolsVersion = 6.0.1;
						TestTargetID = F7A2E8C91A52BE0600E214F4;
					};
				};
			};
			buildConfigurationList = F7A2E8C51A52BE0600E214F4 /* Build configuration list for PBXProject "kanjiJisho2" */;
			compatibilityVersion = "Xcode 3.2";
			developmentRegion = English;
			hasScannedForEncodings = 0;
			knownRegions = (
				en,
				Base,
			);
			mainGroup = F7A2E8C11A52BE0600E214F4;
			productRefGroup = F7A2E8CB1A52BE0600E214F4 /* Products */;
			projectDirPath = "";
			projectRoot = "";
			targets = (
				F7A2E8C91A52BE0600E214F4 /* kanjiJisho2 */,
				F7A2E8E11A52BE0600E214F4 /* kanjiJisho2Tests */,
			);
		};
/* End PBXProject section */

/* Begin PBXResourcesBuildPhase section */
		F7A2E8C81A52BE0600E214F4 /* Resources */ = {
			isa = PBXResourcesBuildPhase;
			buildActionMask = 2147483647;
			files = (
				F72D00141A62E6100024F53A /* kanjiXML-2.xml in Resources */,
				F7C5738E1A5C31FF007ADCB5 /* 100_6191.JPG in Resources */,
				F7C5738F1A5C31FF007ADCB5 /* 100_6203.JPG in Resources */,
				F7A2E8D81A52BE0600E214F4 /* Main.storyboard in Resources */,
				F7A2E8FD1A52BE4E00E214F4 /* 100_6173.JPG in Resources */,
				F7C5738D1A5C31FF007ADCB5 /* 100_6187.JPG in Resources */,
				F7AB80811A530CAB0088D921 /* hiraganaeu.xml in Resources */,
				F7A2E8DD1A52BE0600E214F4 /* LaunchScreen.xib in Resources */,
				F7A2E8DA1A52BE0600E214F4 /* Images.xcassets in Resources */,
			);
			runOnlyForDeploymentPostprocessing = 0;
		};
		F7A2E8E01A52BE0600E214F4 /* Resources */ = {
			isa = PBXResourcesBuildPhase;
			buildActionMask = 2147483647;
			files = (
			);
			runOnlyForDeploymentPostprocessing = 0;
		};
/* End PBXResourcesBuildPhase section */

/* Begin PBXSourcesBuildPhase section */
		F7A2E8C61A52BE0600E214F4 /* Sources */ = {
			isa = PBXSourcesBuildPhase;
			buildActionMask = 2147483647;
			files = (
				F7A2E8D51A52BE0600E214F4 /* ViewController.swift in Sources */,
				F7AD036D1A613F0A006D683A /* CustomVC.swift in Sources */,
				F7A2E8D31A52BE0600E214F4 /* kanjiJisho2.xcdatamodeld in Sources */,
				F7A2E9091A52C82D00E214F4 /* SearchViewController.swift in Sources */,
				F7AB804D1A52FDD20088D921 /* DVC.swift in Sources */,
				F7A2E8FF1A52C08400E214F4 /* kanjiXMLParser.swift in Sources */,
				F7A2E9011A52C6E200E214F4 /* xmlParser.swift in Sources */,
				F7A2E9051A52C78600E214F4 /* TVC.swift in Sources */,
				F7A2E8D01A52BE0600E214F4 /* AppDelegate.swift in Sources */,
			);
			runOnlyForDeploymentPostprocessing = 0;
		};
		F7A2E8DE1A52BE0600E214F4 /* Sources */ = {
			isa = PBXSourcesBuildPhase;
			buildActionMask = 2147483647;
			files = (
				F7A2E8E91A52BE0600E214F4 /* kanjiJisho2Tests.swift in Sources */,
			);
			runOnlyForDeploymentPostprocessing = 0;
		};
/* End PBXSourcesBuildPhase section */

/* Begin PBXTargetDependency section */
		F7A2E8E41A52BE0600E214F4 /* PBXTargetDependency */ = {
			isa = PBXTargetDependency;
			target = F7A2E8C91A52BE0600E214F4 /* kanjiJisho2 */;
			targetProxy = F7A2E8E31A52BE0600E214F4 /* PBXContainerItemProxy */;
		};
/* End PBXTargetDependency section */

/* Begin PBXVariantGroup section */
		F7A2E8D61A52BE0600E214F4 /* Main.storyboard */ = {
			isa = PBXVariantGroup;
			children = (
				F7A2E8D71A52BE0600E214F4 /* Base */,
			);
			name = Main.storyboard;
			sourceTree = "<group>";
		};
		F7A2E8DB1A52BE0600E214F4 /* LaunchScreen.xib */ = {
			isa = PBXVariantGroup;
			children = (
				F7A2E8DC1A52BE0600E214F4 /* Base */,
			);
			name = LaunchScreen.xib;
			sourceTree = "<group>";
		};
/* End PBXVariantGroup section */

/* Begin XCBuildConfiguration section */
		F7A2E8EA1A52BE0600E214F4 /* Debug */ = {
			isa = XCBuildConfiguration;
			buildSettings = {
				ALWAYS_SEARCH_USER_PATHS = NO;
				CLANG_CXX_LANGUAGE_STANDARD = "gnu++0x";
				CLANG_CXX_LIBRARY = "libc++";
				CLANG_ENABLE_MODULES = YES;
				CLANG_ENABLE_OBJC_ARC = YES;
				CLANG_WARN_BOOL_CONVERSION = YES;
				CLANG_WARN_CONSTANT_CONVERSION = YES;
				CLANG_WARN_DIRECT_OBJC_ISA_USAGE = YES_ERROR;
				CLANG_WARN_EMPTY_BODY = YES;
				CLANG_WARN_ENUM_CONVERSION = YES;
				CLANG_WARN_INT_CONVERSION = YES;
				CLANG_WARN_OBJC_ROOT_CLASS = YES_ERROR;
				CLANG_WARN_UNREACHABLE_CODE = YES;
				CLANG_WARN__DUPLICATE_METHOD_MATCH = YES;
				"CODE_SIGN_IDENTITY[sdk=iphoneos*]" = "iPhone Developer";
				COPY_PHASE_STRIP = NO;
				ENABLE_STRICT_OBJC_MSGSEND = YES;
				GCC_C_LANGUAGE_STANDARD = gnu99;
				GCC_DYNAMIC_NO_PIC = NO;
				GCC_OPTIMIZATION_LEVEL = 0;
				GCC_PREPROCESSOR_DEFINITIONS = (
					"DEBUG=1",
					"$(inherited)",
				);
				GCC_SYMBOLS_PRIVATE_EXTERN = NO;
				GCC_WARN_64_TO_32_BIT_CONVERSION = YES;
				GCC_WARN_ABOUT_RETURN_TYPE = YES_ERROR;
				GCC_WARN_UNDECLARED_SELECTOR = YES;
				GCC_WARN_UNINITIALIZED_AUTOS = YES_AGGRESSIVE;
				GCC_WARN_UNUSED_FUNCTION = YES;
				GCC_WARN_UNUSED_VARIABLE = YES;
				IPHONEOS_DEPLOYMENT_TARGET = 8.0;
				MTL_ENABLE_DEBUG_INFO = YES;
				ONLY_ACTIVE_ARCH = YES;
				SDKROOT = iphoneos;
				SWIFT_OPTIMIZATION_LEVEL = "-Onone";
			};
			name = Debug;
		};
		F7A2E8EB1A52BE0600E214F4 /* Release */ = {
			isa = XCBuildConfiguration;
			buildSettings = {
				ALWAYS_SEARCH_USER_PATHS = NO;
				CLANG_CXX_LANGUAGE_STANDARD = "gnu++0x";
				CLANG_CXX_LIBRARY = "libc++";
				CLANG_ENABLE_MODULES = YES;
				CLANG_ENABLE_OBJC_ARC = YES;
				CLANG_WARN_BOOL_CONVERSION = YES;
				CLANG_WARN_CONSTANT_CONVERSION = YES;
				CLANG_WARN_DIRECT_OBJC_ISA_USAGE = YES_ERROR;
				CLANG_WARN_EMPTY_BODY = YES;
				CLANG_WARN_ENUM_CONVERSION = YES;
				CLANG_WARN_INT_CONVERSION = YES;
				CLANG_WARN_OBJC_ROOT_CLASS = YES_ERROR;
				CLANG_WARN_UNREACHABLE_CODE = YES;
				CLANG_WARN__DUPLICATE_METHOD_MATCH = YES;
				"CODE_SIGN_IDENTITY[sdk=iphoneos*]" = "iPhone Developer";
				COPY_PHASE_STRIP = YES;
				ENABLE_NS_ASSERTIONS = NO;
				ENABLE_STRICT_OBJC_MSGSEND = YES;
				GCC_C_LANGUAGE_STANDARD = gnu99;
				GCC_WARN_64_TO_32_BIT_CONVERSION = YES;
				GCC_WARN_ABOUT_RETURN_TYPE = YES_ERROR;
				GCC_WARN_UNDECLARED_SELECTOR = YES;
				GCC_WARN_UNINITIALIZED_AUTOS = YES_AGGRESSIVE;
				GCC_WARN_UNUSED_FUNCTION = YES;
				GCC_WARN_UNUSED_VARIABLE = YES;
				IPHONEOS_DEPLOYMENT_TARGET = 8.0;
				MTL_ENABLE_DEBUG_INFO = NO;
				SDKROOT = iphoneos;
				VALIDATE_PRODUCT = YES;
			};
			name = Release;
		};
		F7A2E8ED1A52BE0600E214F4 /* Debug */ = {
			isa = XCBuildConfiguration;
			buildSettings = {
				ASSETCATALOG_COMPILER_APPICON_NAME = AppIcon;
				CODE_SIGN_IDENTITY = "iPhone Developer";
				INFOPLIST_FILE = kanjiJisho2/Info.plist;
				IPHONEOS_DEPLOYMENT_TARGET = 8.1;
				LD_RUNPATH_SEARCH_PATHS = "$(inherited) @executable_path/Frameworks";
				PRODUCT_NAME = "$(TARGET_NAME)";
				TARGETED_DEVICE_FAMILY = 1;
			};
			name = Debug;
		};
		F7A2E8EE1A52BE0600E214F4 /* Release */ = {
			isa = XCBuildConfiguration;
			buildSettings = {
				ASSETCATALOG_COMPILER_APPICON_NAME = AppIcon;
				CODE_SIGN_IDENTITY = "iPhone Developer";
				INFOPLIST_FILE = kanjiJisho2/Info.plist;
				IPHONEOS_DEPLOYMENT_TARGET = 8.1;
				LD_RUNPATH_SEARCH_PATHS = "$(inherited) @executable_path/Frameworks";
				PRODUCT_NAME = "$(TARGET_NAME)";
				TARGETED_DEVICE_FAMILY = 1;
			};
			name = Release;
		};
		F7A2E8F01A52BE0600E214F4 /* Debug */ = {
			isa = XCBuildConfiguration;
			buildSettings = {
				BUNDLE_LOADER = "$(TEST_HOST)";
				FRAMEWORK_SEARCH_PATHS = (
					"$(SDKROOT)/Developer/Library/Frameworks",
					"$(inherited)",
				);
				GCC_PREPROCESSOR_DEFINITIONS = (
					"DEBUG=1",
					"$(inherited)",
				);
				INFOPLIST_FILE = kanjiJisho2Tests/Info.plist;
				LD_RUNPATH_SEARCH_PATHS = "$(inherited) @executable_path/Frameworks @loader_path/Frameworks";
				PRODUCT_NAME = "$(TARGET_NAME)";
				TEST_HOST = "$(BUILT_PRODUCTS_DIR)/kanjiJisho2.app/kanjiJisho2";
			};
			name = Debug;
		};
		F7A2E8F11A52BE0600E214F4 /* Release */ = {
			isa = XCBuildConfiguration;
			buildSettings = {
				BUNDLE_LOADER = "$(TEST_HOST)";
				FRAMEWORK_SEARCH_PATHS = (
					"$(SDKROOT)/Developer/Library/Frameworks",
					"$(inherited)",
				);
				INFOPLIST_FILE = kanjiJisho2Tests/Info.plist;
				LD_RUNPATH_SEARCH_PATHS = "$(inherited) @executable_path/Frameworks @loader_path/Frameworks";
				PRODUCT_NAME = "$(TARGET_NAME)";
				TEST_HOST = "$(BUILT_PRODUCTS_DIR)/kanjiJisho2.app/kanjiJisho2";
			};
			name = Release;
		};
/* End XCBuildConfiguration section */

/* Begin XCConfigurationList section */
		F7A2E8C51A52BE0600E214F4 /* Build configuration list for PBXProject "kanjiJisho2" */ = {
			isa = XCConfigurationList;
			buildConfigurations = (
				F7A2E8EA1A52BE0600E214F4 /* Debug */,
				F7A2E8EB1A52BE0600E214F4 /* Release */,
			);
			defaultConfigurationIsVisible = 0;
			defaultConfigurationName = Release;
		};
		F7A2E8EC1A52BE0600E214F4 /* Build configuration list for PBXNativeTarget "kanjiJisho2" */ = {
			isa = XCConfigurationList;
			buildConfigurations = (
				F7A2E8ED1A52BE0600E214F4 /* Debug */,
				F7A2E8EE1A52BE0600E214F4 /* Release */,
			);
			defaultConfigurationIsVisible = 0;
			defaultConfigurationName = Release;
		};
		F7A2E8EF1A52BE0600E214F4 /* Build configuration list for PBXNativeTarget "kanjiJisho2Tests" */ = {
			isa = XCConfigurationList;
			buildConfigurations = (
				F7A2E8F01A52BE0600E214F4 /* Debug */,
				F7A2E8F11A52BE0600E214F4 /* Release */,
			);
			defaultConfigurationIsVisible = 0;
			defaultConfigurationName = Release;
		};
/* End XCConfigurationList section */

/* Begin XCVersionGroup section */
		F7A2E8D11A52BE0600E214F4 /* kanjiJisho2.xcdatamodeld */ = {
			isa = XCVersionGroup;
			children = (
				F7A2E8D21A52BE0600E214F4 /* kanjiJisho2.xcdatamodel */,
			);
			currentVersion = F7A2E8D21A52BE0600E214F4 /* kanjiJisho2.xcdatamodel */;
			path = kanjiJisho2.xcdatamodeld;
			sourceTree = "<group>";
			versionGroupType = wrapper.xcdatamodel;
		};
/* End XCVersionGroup section */
	};
	rootObject = F7A2E8C21A52BE0600E214F4 /* Project object */;
}
